
Microsoft Visual Studio Solution File, Format Version 12.00
# Visual Studio Version 16
VisualStudioVersion = 16.0.28803.202
MinimumVisualStudioVersion = 10.0.40219.1
Project("{F2A71F9B-5D33-465A-A702-920D77279786}") = "Exceptions", "Exceptions\Exceptions.fsproj", "{68712634-EEF0-452F-9378-10215616FE16}"
EndProject
Global
	GlobalSection(SolutionConfigurationPlatforms) = preSolution
		Debug|Any CPU = Debug|Any CPU
		Release|Any CPU = Release|Any CPU
	EndGlobalSection
	GlobalSection(ProjectConfigurationPlatforms) = postSolution
		{68712634-EEF0-452F-9378-10215616FE16}.Debug|Any CPU.ActiveCfg = Debug|Any CPU
		{68712634-EEF0-452F-9378-10215616FE16}.Debug|Any CPU.Build.0 = Debug|Any CPU
		{68712634-EEF0-452F-9378-10215616FE16}.Release|Any CPU.ActiveCfg = Release|Any CPU
		{68712634-EEF0-452F-9378-10215616FE16}.Release|Any CPU.Build.0 = Release|Any CPU
	EndGlobalSection
	GlobalSection(SolutionProperties) = preSolution
		HideSolutionNode = FALSE
	EndGlobalSection
	GlobalSection(ExtensibilityGlobals) = postSolution
		SolutionGuid = {EDFB64EF-DEBB-4EA0-9104-F0099CDE32C8}
	EndGlobalSection
EndGlobal
