
Microsoft Visual Studio Solution File, Format Version 12.00
# Visual Studio Version 16
VisualStudioVersion = 16.0.28803.202
MinimumVisualStudioVersion = 10.0.40219.1
Project("{F2A71F9B-5D33-465A-A702-920D77279786}") = "PatternMAtching", "PatternMAtching\PatternMAtching.fsproj", "{71F679D0-7C95-4CC2-87F5-38C67F514B8F}"
EndProject
Global
	GlobalSection(SolutionConfigurationPlatforms) = preSolution
		Debug|Any CPU = Debug|Any CPU
		Release|Any CPU = Release|Any CPU
	EndGlobalSection
	GlobalSection(ProjectConfigurationPlatforms) = postSolution
		{71F679D0-7C95-4CC2-87F5-38C67F514B8F}.Debug|Any CPU.ActiveCfg = Debug|Any CPU
		{71F679D0-7C95-4CC2-87F5-38C67F514B8F}.Debug|Any CPU.Build.0 = Debug|Any CPU
		{71F679D0-7C95-4CC2-87F5-38C67F514B8F}.Release|Any CPU.ActiveCfg = Release|Any CPU
		{71F679D0-7C95-4CC2-87F5-38C67F514B8F}.Release|Any CPU.Build.0 = Release|Any CPU
	EndGlobalSection
	GlobalSection(SolutionProperties) = preSolution
		HideSolutionNode = FALSE
	EndGlobalSection
	GlobalSection(ExtensibilityGlobals) = postSolution
		SolutionGuid = {C8011210-4A6B-4211-92F9-0A20F3928DFF}
	EndGlobalSection
EndGlobal
