
Microsoft Visual Studio Solution File, Format Version 12.00
# Visual Studio Version 16
VisualStudioVersion = 16.0.28803.202
MinimumVisualStudioVersion = 10.0.40219.1
Project("{F2A71F9B-5D33-465A-A702-920D77279786}") = "Mutable", "Mutable\Mutable.fsproj", "{8793ACF9-BA43-4C00-85EC-FBA5DF67E16F}"
EndProject
Global
	GlobalSection(SolutionConfigurationPlatforms) = preSolution
		Debug|Any CPU = Debug|Any CPU
		Release|Any CPU = Release|Any CPU
	EndGlobalSection
	GlobalSection(ProjectConfigurationPlatforms) = postSolution
		{8793ACF9-BA43-4C00-85EC-FBA5DF67E16F}.Debug|Any CPU.ActiveCfg = Debug|Any CPU
		{8793ACF9-BA43-4C00-85EC-FBA5DF67E16F}.Debug|Any CPU.Build.0 = Debug|Any CPU
		{8793ACF9-BA43-4C00-85EC-FBA5DF67E16F}.Release|Any CPU.ActiveCfg = Release|Any CPU
		{8793ACF9-BA43-4C00-85EC-FBA5DF67E16F}.Release|Any CPU.Build.0 = Release|Any CPU
	EndGlobalSection
	GlobalSection(SolutionProperties) = preSolution
		HideSolutionNode = FALSE
	EndGlobalSection
	GlobalSection(ExtensibilityGlobals) = postSolution
		SolutionGuid = {8A5C0FD0-7B7B-4B0E-BFC5-6F8D9026B229}
	EndGlobalSection
EndGlobal
