
Microsoft Visual Studio Solution File, Format Version 12.00
# Visual Studio Version 16
VisualStudioVersion = 16.0.28803.202
MinimumVisualStudioVersion = 10.0.40219.1
Project("{F2A71F9B-5D33-465A-A702-920D77279786}") = "HelloWorld", "HelloWorld\HelloWorld.fsproj", "{F929E8F6-079F-4970-B263-91FEBFCB520F}"
EndProject
Global
	GlobalSection(SolutionConfigurationPlatforms) = preSolution
		Debug|Any CPU = Debug|Any CPU
		Release|Any CPU = Release|Any CPU
	EndGlobalSection
	GlobalSection(ProjectConfigurationPlatforms) = postSolution
		{F929E8F6-079F-4970-B263-91FEBFCB520F}.Debug|Any CPU.ActiveCfg = Debug|Any CPU
		{F929E8F6-079F-4970-B263-91FEBFCB520F}.Debug|Any CPU.Build.0 = Debug|Any CPU
		{F929E8F6-079F-4970-B263-91FEBFCB520F}.Release|Any CPU.ActiveCfg = Release|Any CPU
		{F929E8F6-079F-4970-B263-91FEBFCB520F}.Release|Any CPU.Build.0 = Release|Any CPU
	EndGlobalSection
	GlobalSection(SolutionProperties) = preSolution
		HideSolutionNode = FALSE
	EndGlobalSection
	GlobalSection(ExtensibilityGlobals) = postSolution
		SolutionGuid = {3222E6FE-3990-4B2D-8D80-53696C4AEA8E}
	EndGlobalSection
EndGlobal
