
Microsoft Visual Studio Solution File, Format Version 12.00
# Visual Studio Version 16
VisualStudioVersion = 16.0.28803.202
MinimumVisualStudioVersion = 10.0.40219.1
Project("{F2A71F9B-5D33-465A-A702-920D77279786}") = "Types.TuplesRecords", "Types.TuplesRecords\Types.TuplesRecords.fsproj", "{D49BFBD3-C356-40D2-A9BE-62464675CEA9}"
EndProject
Global
	GlobalSection(SolutionConfigurationPlatforms) = preSolution
		Debug|Any CPU = Debug|Any CPU
		Release|Any CPU = Release|Any CPU
	EndGlobalSection
	GlobalSection(ProjectConfigurationPlatforms) = postSolution
		{D49BFBD3-C356-40D2-A9BE-62464675CEA9}.Debug|Any CPU.ActiveCfg = Debug|Any CPU
		{D49BFBD3-C356-40D2-A9BE-62464675CEA9}.Debug|Any CPU.Build.0 = Debug|Any CPU
		{D49BFBD3-C356-40D2-A9BE-62464675CEA9}.Release|Any CPU.ActiveCfg = Release|Any CPU
		{D49BFBD3-C356-40D2-A9BE-62464675CEA9}.Release|Any CPU.Build.0 = Release|Any CPU
	EndGlobalSection
	GlobalSection(SolutionProperties) = preSolution
		HideSolutionNode = FALSE
	EndGlobalSection
	GlobalSection(ExtensibilityGlobals) = postSolution
		SolutionGuid = {E5F1DF18-8711-4AC3-81AE-5773599C0432}
	EndGlobalSection
EndGlobal
