
Microsoft Visual Studio Solution File, Format Version 12.00
# Visual Studio Version 16
VisualStudioVersion = 16.0.28803.202
MinimumVisualStudioVersion = 10.0.40219.1
Project("{F2A71F9B-5D33-465A-A702-920D77279786}") = "Events", "Events\Events.fsproj", "{EFFE2FC1-5C36-4C2F-BAF5-C10712FB4A4E}"
EndProject
Global
	GlobalSection(SolutionConfigurationPlatforms) = preSolution
		Debug|Any CPU = Debug|Any CPU
		Release|Any CPU = Release|Any CPU
	EndGlobalSection
	GlobalSection(ProjectConfigurationPlatforms) = postSolution
		{EFFE2FC1-5C36-4C2F-BAF5-C10712FB4A4E}.Debug|Any CPU.ActiveCfg = Debug|Any CPU
		{EFFE2FC1-5C36-4C2F-BAF5-C10712FB4A4E}.Debug|Any CPU.Build.0 = Debug|Any CPU
		{EFFE2FC1-5C36-4C2F-BAF5-C10712FB4A4E}.Release|Any CPU.ActiveCfg = Release|Any CPU
		{EFFE2FC1-5C36-4C2F-BAF5-C10712FB4A4E}.Release|Any CPU.Build.0 = Release|Any CPU
	EndGlobalSection
	GlobalSection(SolutionProperties) = preSolution
		HideSolutionNode = FALSE
	EndGlobalSection
	GlobalSection(ExtensibilityGlobals) = postSolution
		SolutionGuid = {2BF3C4A1-2633-47D8-83EF-ADDF633F7773}
	EndGlobalSection
EndGlobal
