
Microsoft Visual Studio Solution File, Format Version 12.00
# Visual Studio Version 16
VisualStudioVersion = 16.0.28803.202
MinimumVisualStudioVersion = 10.0.40219.1
Project("{F2A71F9B-5D33-465A-A702-920D77279786}") = "Loops", "Loops\Loops.fsproj", "{FAD2C8F3-5647-4F14-98FC-EB8A656047E3}"
EndProject
Global
	GlobalSection(SolutionConfigurationPlatforms) = preSolution
		Debug|Any CPU = Debug|Any CPU
		Release|Any CPU = Release|Any CPU
	EndGlobalSection
	GlobalSection(ProjectConfigurationPlatforms) = postSolution
		{FAD2C8F3-5647-4F14-98FC-EB8A656047E3}.Debug|Any CPU.ActiveCfg = Debug|Any CPU
		{FAD2C8F3-5647-4F14-98FC-EB8A656047E3}.Debug|Any CPU.Build.0 = Debug|Any CPU
		{FAD2C8F3-5647-4F14-98FC-EB8A656047E3}.Release|Any CPU.ActiveCfg = Release|Any CPU
		{FAD2C8F3-5647-4F14-98FC-EB8A656047E3}.Release|Any CPU.Build.0 = Release|Any CPU
	EndGlobalSection
	GlobalSection(SolutionProperties) = preSolution
		HideSolutionNode = FALSE
	EndGlobalSection
	GlobalSection(ExtensibilityGlobals) = postSolution
		SolutionGuid = {CD92BCAE-8054-434A-871D-3B6CAFFF47F3}
	EndGlobalSection
EndGlobal
