
Microsoft Visual Studio Solution File, Format Version 12.00
# Visual Studio Version 16
VisualStudioVersion = 16.0.28803.202
MinimumVisualStudioVersion = 10.0.40219.1
Project("{F2A71F9B-5D33-465A-A702-920D77279786}") = "ListComprehensions", "ListComprehensions\ListComprehensions.fsproj", "{309511C6-E69D-47C7-9297-08BC75AAA8BE}"
EndProject
Global
	GlobalSection(SolutionConfigurationPlatforms) = preSolution
		Debug|Any CPU = Debug|Any CPU
		Release|Any CPU = Release|Any CPU
	EndGlobalSection
	GlobalSection(ProjectConfigurationPlatforms) = postSolution
		{309511C6-E69D-47C7-9297-08BC75AAA8BE}.Debug|Any CPU.ActiveCfg = Debug|Any CPU
		{309511C6-E69D-47C7-9297-08BC75AAA8BE}.Debug|Any CPU.Build.0 = Debug|Any CPU
		{309511C6-E69D-47C7-9297-08BC75AAA8BE}.Release|Any CPU.ActiveCfg = Release|Any CPU
		{309511C6-E69D-47C7-9297-08BC75AAA8BE}.Release|Any CPU.Build.0 = Release|Any CPU
	EndGlobalSection
	GlobalSection(SolutionProperties) = preSolution
		HideSolutionNode = FALSE
	EndGlobalSection
	GlobalSection(ExtensibilityGlobals) = postSolution
		SolutionGuid = {4AB00304-58C7-44C1-AA75-1B339E2BFBFA}
	EndGlobalSection
EndGlobal
