
Microsoft Visual Studio Solution File, Format Version 12.00
# Visual Studio Version 16
VisualStudioVersion = 16.0.28803.202
MinimumVisualStudioVersion = 10.0.40219.1
Project("{F2A71F9B-5D33-465A-A702-920D77279786}") = "Operators", "Operators\Operators.fsproj", "{F71C536D-87AA-4E86-8C05-3E268D238F23}"
EndProject
Global
	GlobalSection(SolutionConfigurationPlatforms) = preSolution
		Debug|Any CPU = Debug|Any CPU
		Release|Any CPU = Release|Any CPU
	EndGlobalSection
	GlobalSection(ProjectConfigurationPlatforms) = postSolution
		{F71C536D-87AA-4E86-8C05-3E268D238F23}.Debug|Any CPU.ActiveCfg = Debug|Any CPU
		{F71C536D-87AA-4E86-8C05-3E268D238F23}.Debug|Any CPU.Build.0 = Debug|Any CPU
		{F71C536D-87AA-4E86-8C05-3E268D238F23}.Release|Any CPU.ActiveCfg = Release|Any CPU
		{F71C536D-87AA-4E86-8C05-3E268D238F23}.Release|Any CPU.Build.0 = Release|Any CPU
	EndGlobalSection
	GlobalSection(SolutionProperties) = preSolution
		HideSolutionNode = FALSE
	EndGlobalSection
	GlobalSection(ExtensibilityGlobals) = postSolution
		SolutionGuid = {7883B9A4-E4A6-4FD0-B185-43572B4E60B6}
	EndGlobalSection
EndGlobal
