
Microsoft Visual Studio Solution File, Format Version 12.00
# Visual Studio Version 16
VisualStudioVersion = 16.0.28803.202
MinimumVisualStudioVersion = 10.0.40219.1
Project("{F2A71F9B-5D33-465A-A702-920D77279786}") = "ActivePatterns", "ActivePatterns\ActivePatterns.fsproj", "{84EDF90C-7102-4572-9AD9-47DC0475710A}"
EndProject
Global
	GlobalSection(SolutionConfigurationPlatforms) = preSolution
		Debug|Any CPU = Debug|Any CPU
		Release|Any CPU = Release|Any CPU
	EndGlobalSection
	GlobalSection(ProjectConfigurationPlatforms) = postSolution
		{84EDF90C-7102-4572-9AD9-47DC0475710A}.Debug|Any CPU.ActiveCfg = Debug|Any CPU
		{84EDF90C-7102-4572-9AD9-47DC0475710A}.Debug|Any CPU.Build.0 = Debug|Any CPU
		{84EDF90C-7102-4572-9AD9-47DC0475710A}.Release|Any CPU.ActiveCfg = Release|Any CPU
		{84EDF90C-7102-4572-9AD9-47DC0475710A}.Release|Any CPU.Build.0 = Release|Any CPU
	EndGlobalSection
	GlobalSection(SolutionProperties) = preSolution
		HideSolutionNode = FALSE
	EndGlobalSection
	GlobalSection(ExtensibilityGlobals) = postSolution
		SolutionGuid = {587A313A-154B-4C01-9D9F-F63F65282E75}
	EndGlobalSection
EndGlobal
