
Microsoft Visual Studio Solution File, Format Version 12.00
# Visual Studio Version 16
VisualStudioVersion = 16.0.28803.202
MinimumVisualStudioVersion = 10.0.40219.1
Project("{F2A71F9B-5D33-465A-A702-920D77279786}") = "AbstractClass", "AbstractClass\AbstractClass.fsproj", "{2D867E0B-80CF-49A0-A22D-6BEA83BAE576}"
EndProject
Global
	GlobalSection(SolutionConfigurationPlatforms) = preSolution
		Debug|Any CPU = Debug|Any CPU
		Release|Any CPU = Release|Any CPU
	EndGlobalSection
	GlobalSection(ProjectConfigurationPlatforms) = postSolution
		{2D867E0B-80CF-49A0-A22D-6BEA83BAE576}.Debug|Any CPU.ActiveCfg = Debug|Any CPU
		{2D867E0B-80CF-49A0-A22D-6BEA83BAE576}.Debug|Any CPU.Build.0 = Debug|Any CPU
		{2D867E0B-80CF-49A0-A22D-6BEA83BAE576}.Release|Any CPU.ActiveCfg = Release|Any CPU
		{2D867E0B-80CF-49A0-A22D-6BEA83BAE576}.Release|Any CPU.Build.0 = Release|Any CPU
	EndGlobalSection
	GlobalSection(SolutionProperties) = preSolution
		HideSolutionNode = FALSE
	EndGlobalSection
	GlobalSection(ExtensibilityGlobals) = postSolution
		SolutionGuid = {248BABD6-4A28-4E01-87BC-7AA1E4616C1C}
	EndGlobalSection
EndGlobal
